{
  "version": "5",
  "remote": {
    "https://esm.sh/@supabase/supabase-js@2.45.4": "1108d69216995335d057dbd15907caaf514a4d1ef082f097050573b9d589a57c"
  },
  "workspace": {
    "packageJson": {
      "dependencies": [
        "npm:@ai-sdk/react@^3.0.206",
        "npm:@ariakit/react@~0.4.29",
        "npm:@editorjs/attaches@^1.3.2",
        "npm:@editorjs/checklist@^1.6.0",
        "npm:@editorjs/code@^2.9.4",
        "npm:@editorjs/delimiter@^1.4.2",
        "npm:@editorjs/editorjs@^2.31.6",
        "npm:@editorjs/embed@^2.8.0",
        "npm:@editorjs/header@^2.8.9",
        "npm:@editorjs/image@^2.10.3",
        "npm:@editorjs/inline-code@^1.5.2",
        "npm:@editorjs/list@^2.0.9",
        "npm:@editorjs/marker@^1.4.0",
        "npm:@editorjs/paragraph@^2.11.7",
        "npm:@editorjs/quote@^2.7.6",
        "npm:@editorjs/raw@^2.5.1",
        "npm:@editorjs/table@^2.4.5",
        "npm:@editorjs/underline@^1.2.1",
        "npm:@editorjs/warning@^1.4.1",
        "npm:@emoji-mart/data@^1.2.1",
        "npm:@excalidraw/excalidraw@~0.18.1",
        "npm:@faker-js/faker@^10.4.0",
        "npm:@firecms/neat@^1.0.1",
        "npm:@number-flow/react@~0.6.2",
        "npm:@paper-design/shaders-react@^0.0.78",
        "npm:@phosphor-icons/react@^2.1.10",
        "npm:@platejs/ai@^53.0.9",
        "npm:@platejs/basic-nodes@53",
        "npm:@platejs/basic-styles@53",
        "npm:@platejs/callout@53",
        "npm:@platejs/caption@53",
        "npm:@platejs/code-block@53",
        "npm:@platejs/code-drawing@53",
        "npm:@platejs/combobox@53",
        "npm:@platejs/comment@53",
        "npm:@platejs/date@53",
        "npm:@platejs/dnd@^53.1.0",
        "npm:@platejs/docx-io@^53.1.0",
        "npm:@platejs/docx@53",
        "npm:@platejs/emoji@53",
        "npm:@platejs/excalidraw@53",
        "npm:@platejs/floating@53",
        "npm:@platejs/footnote@53",
        "npm:@platejs/indent@53",
        "npm:@platejs/juice@53",
        "npm:@platejs/layout@53",
        "npm:@platejs/link@^53.0.3",
        "npm:@platejs/list@^53.0.2",
        "npm:@platejs/markdown@^53.0.4",
        "npm:@platejs/math@53",
        "npm:@platejs/media@^53.0.1",
        "npm:@platejs/mention@53",
        "npm:@platejs/resizable@53",
        "npm:@platejs/selection@53",
        "npm:@platejs/slash-command@53",
        "npm:@platejs/suggestion@^53.0.3",
        "npm:@platejs/table@^53.0.9",
        "npm:@platejs/toc@53",
        "npm:@platejs/toggle@53",
        "npm:@radix-ui/react-alert-dialog@^1.1.16",
        "npm:@radix-ui/react-avatar@^1.1.12",
        "npm:@radix-ui/react-checkbox@^1.3.4",
        "npm:@radix-ui/react-context-menu@^2.3.0",
        "npm:@radix-ui/react-dialog@^1.1.16",
        "npm:@radix-ui/react-dropdown-menu@^2.1.17",
        "npm:@radix-ui/react-hover-card@^1.1.16",
        "npm:@radix-ui/react-label@^2.1.0",
        "npm:@radix-ui/react-popover@^1.1.16",
        "npm:@radix-ui/react-scroll-area@^1.2.1",
        "npm:@radix-ui/react-select@^2.3.0",
        "npm:@radix-ui/react-separator@^1.1.9",
        "npm:@radix-ui/react-slot@^1.2.5",
        "npm:@radix-ui/react-tabs@^1.1.1",
        "npm:@radix-ui/react-toolbar@^1.1.12",
        "npm:@radix-ui/react-tooltip@^1.2.9",
        "npm:@react-three/fiber@^8.18.0",
        "npm:@splinetool/react-spline@^4.1.0",
        "npm:@splinetool/runtime@^1.12.98",
        "npm:@supabase/supabase-js@^2.45.4",
        "npm:@tanstack/react-query@^5.59.0",
        "npm:@tiptap/extension-link@^3.24.0",
        "npm:@tiptap/extension-placeholder@^3.24.0",
        "npm:@tiptap/react@^3.24.0",
        "npm:@tiptap/starter-kit@^3.24.0",
        "npm:@types/d3-drag@^3.0.7",
        "npm:@types/d3-force@^3.0.10",
        "npm:@types/d3-selection@^3.0.11",
        "npm:@types/d3-shape@^3.1.8",
        "npm:@types/d3-zoom@^3.0.8",
        "npm:@types/dagre@~0.7.54",
        "npm:@types/js-yaml@^4.0.9",
        "npm:@types/lodash@^4.17.24",
        "npm:@types/node@^22.7.5",
        "npm:@types/react-dom@^19.2.3",
        "npm:@types/react-grid-layout@^1.3.6",
        "npm:@types/react-syntax-highlighter@^15.5.13",
        "npm:@types/react@^19.2.17",
        "npm:@types/three@0.170",
        "npm:@types/turndown@^5.0.6",
        "npm:@udecode/cn@^52.3.4",
        "npm:@uploadthing/react@^7.3.3",
        "npm:@vitejs/plugin-react@^4.3.2",
        "npm:ai@^6.0.204",
        "npm:autoprefixer@^10.4.20",
        "npm:class-variance-authority@0.7",
        "npm:clsx@^2.1.1",
        "npm:cmdk@^1.1.1",
        "npm:cobe@^2.0.1",
        "npm:d3-drag@3",
        "npm:d3-force@3",
        "npm:d3-selection@3",
        "npm:d3-shape@^3.2.0",
        "npm:d3-zoom@3",
        "npm:dagre@~0.8.5",
        "npm:date-fns@^4.4.0",
        "npm:dedent@1",
        "npm:docx-preview@0.4",
        "npm:docx@^9.7.1",
        "npm:editorjs-text-alignment-blocktune@^1.0.3",
        "npm:eslint@^9.12.0",
        "npm:framer-motion@^12.40.0",
        "npm:hls.js@^1.6.16",
        "npm:html2canvas-pro@^2.0.4",
        "npm:html2canvas@^1.4.1",
        "npm:js-yaml@^4.2.0",
        "npm:jspdf@^4.2.1",
        "npm:lodash@^4.18.1",
        "npm:lowlight@^3.3.0",
        "npm:lucide-react@0.453",
        "npm:mammoth@^1.12.0",
        "npm:ogl@^1.0.11",
        "npm:page-agent@^1.12.2",
        "npm:pdf-lib@^1.17.1",
        "npm:platejs@^53.0.7",
        "npm:playwright-core@^1.62.1",
        "npm:playwright@^1.62.1",
        "npm:postcss@^8.4.47",
        "npm:react-day-picker@^10.0.1",
        "npm:react-dnd-html5-backend@^16.0.1",
        "npm:react-dnd@^16.0.1",
        "npm:react-dom@^18.3.1",
        "npm:react-grid-layout@^1.5.3",
        "npm:react-lite-youtube-embed@^3.6.0",
        "npm:react-markdown@^10.1.0",
        "npm:react-player@^3.3.1",
        "npm:react-router-dom@^6.27.0",
        "npm:react-syntax-highlighter@^15.6.6",
        "npm:react-textarea-autosize@^8.5.9",
        "npm:react-tweet@^3.3.1",
        "npm:react@^18.3.1",
        "npm:reactflow@^11.11.4",
        "npm:recharts@^3.8.1",
        "npm:remark-emoji@^5.0.2",
        "npm:remark-gfm@^4.0.1",
        "npm:remark-math@6",
        "npm:rrweb-player@2",
        "npm:rrweb@2",
        "npm:sharp@~0.35.3",
        "npm:shiki@^4.3.1",
        "npm:simple-icons@^16.24.1",
        "npm:sonner@^2.0.7",
        "npm:tailwind-merge@^2.5.4",
        "npm:tailwind-scrollbar-hide@4",
        "npm:tailwindcss-animate@^1.0.7",
        "npm:tailwindcss@^3.4.13",
        "npm:three@0.170",
        "npm:turndown@^7.2.4",
        "npm:typescript@^5.6.2",
        "npm:uploadthing@^7.7.4",
        "npm:use-file-picker@^2.1.2",
        "npm:vite@^5.4.8",
        "npm:zod@^4.4.3",
        "npm:zustand@5"
      ]
    }
  }
}
